
Microsoft Visual Studio Solution File, Format Version 12.00
# Visual Studio Version 17
VisualStudioVersion = 17.1.32228.430
MinimumVisualStudioVersion = 10.0.40219.1
Project("{FAE04EC0-301F-11D3-BF4B-00C04F79EFBC}") = "DolphinStatBot", "DolphinStatBot\DolphinStatBot.csproj", "{2418674F-6107-4AB0-B250-FFE896AAF1D2}"
EndProject
Global
	GlobalSection(SolutionConfigurationPlatforms) = preSolution
		Debug|Any CPU = Debug|Any CPU
		Release|Any CPU = Release|Any CPU
	EndGlobalSection
	GlobalSection(ProjectConfigurationPlatforms) = postSolution
		{2418674F-6107-4AB0-B250-FFE896AAF1D2}.Debug|Any CPU.ActiveCfg = Debug|Any CPU
		{2418674F-6107-4AB0-B250-FFE896AAF1D2}.Debug|Any CPU.Build.0 = Debug|Any CPU
		{2418674F-6107-4AB0-B250-FFE896AAF1D2}.Release|Any CPU.ActiveCfg = Release|Any CPU
		{2418674F-6107-4AB0-B250-FFE896AAF1D2}.Release|Any CPU.Build.0 = Release|Any CPU
	EndGlobalSection
	GlobalSection(SolutionProperties) = preSolution
		HideSolutionNode = FALSE
	EndGlobalSection
	GlobalSection(ExtensibilityGlobals) = postSolution
		SolutionGuid = {8E9ADE1B-1C79-4216-9EAC-122A7B96D1CD}
	EndGlobalSection
EndGlobal
